// !$*UTF8*$!
{
	archiveVersion = 1;
	classes = {
	};
	objectVersion = 55;
	objects = {

/* Begin PBXBuildFile section */
		CA2D796828CFE6810030FFD7 /* HourlyForecastViewModel.swift in Sources */ = {isa = PBXBuildFile; fileRef = CA2D796728CFE6810030FFD7 /* HourlyForecastViewModel.swift */; };
		CA2D796A28CFE68F0030FFD7 /* DailyForecastViewModel.swift in Sources */ = {isa = PBXBuildFile; fileRef = CA2D796928CFE68F0030FFD7 /* DailyForecastViewModel.swift */; };
		CA2D796D28CFEB2D0030FFD7 /* WeatherViewModel.swift in Sources */ = {isa = PBXBuildFile; fileRef = CA2D796C28CFEB2D0030FFD7 /* WeatherViewModel.swift */; };
		CA2D797028D076B70030FFD7 /* MapViewModel.swift in Sources */ = {isa = PBXBuildFile; fileRef = CA2D796F28D076B70030FFD7 /* MapViewModel.swift */; };
		CA2D797328D076E50030FFD7 /* SearchViewModel.swift in Sources */ = {isa = PBXBuildFile; fileRef = CA2D797228D076E50030FFD7 /* SearchViewModel.swift */; };
		CA87D9FB28CF524300AD9ABB /* SearchViewController.swift in Sources */ = {isa = PBXBuildFile; fileRef = CA87D9FA28CF524300AD9ABB /* SearchViewController.swift */; };
		CAA41DC428CFD5CC009BDC8F /* WeatherViewController.swift in Sources */ = {isa = PBXBuildFile; fileRef = CAA41DC328CFD5CC009BDC8F /* WeatherViewController.swift */; };
		CAC2B27728CCF93E003E9573 /* AppDelegate.swift in Sources */ = {isa = PBXBuildFile; fileRef = CAC2B27628CCF93E003E9573 /* AppDelegate.swift */; };
		CAC2B27928CCF93E003E9573 /* SceneDelegate.swift in Sources */ = {isa = PBXBuildFile; fileRef = CAC2B27828CCF93E003E9573 /* SceneDelegate.swift */; };
		CAC2B27E28CCF93E003E9573 /* Main.storyboard in Resources */ = {isa = PBXBuildFile; fileRef = CAC2B27C28CCF93E003E9573 /* Main.storyboard */; };
		CAC2B28028CCF940003E9573 /* Assets.xcassets in Resources */ = {isa = PBXBuildFile; fileRef = CAC2B27F28CCF940003E9573 /* Assets.xcassets */; };
		CAC2B28328CCF940003E9573 /* LaunchScreen.storyboard in Resources */ = {isa = PBXBuildFile; fileRef = CAC2B28128CCF940003E9573 /* LaunchScreen.storyboard */; };
		CAC2B28C28CD04C5003E9573 /* WeatherApi.swift in Sources */ = {isa = PBXBuildFile; fileRef = CAC2B28B28CD04C5003E9573 /* WeatherApi.swift */; };
		CAC2B28E28CD04D1003E9573 /* WeatherResponse.swift in Sources */ = {isa = PBXBuildFile; fileRef = CAC2B28D28CD04D1003E9573 /* WeatherResponse.swift */; };
		CAC2B29028CD04F7003E9573 /* Extensions.swift in Sources */ = {isa = PBXBuildFile; fileRef = CAC2B28F28CD04F7003E9573 /* Extensions.swift */; };
		CAC2B29228CDE052003E9573 /* HourlyForecastCollectionViewController.swift in Sources */ = {isa = PBXBuildFile; fileRef = CAC2B29128CDE052003E9573 /* HourlyForecastCollectionViewController.swift */; };
		CAC2B29428CDE169003E9573 /* WeatherForecastResponse.swift in Sources */ = {isa = PBXBuildFile; fileRef = CAC2B29328CDE169003E9573 /* WeatherForecastResponse.swift */; };
		CAC2B29728CDE85F003E9573 /* HourlyCollectionViewCell.swift in Sources */ = {isa = PBXBuildFile; fileRef = CAC2B29628CDE85F003E9573 /* HourlyCollectionViewCell.swift */; };
		CAC2B29A28CE1B95003E9573 /* DailyTableViewController.swift in Sources */ = {isa = PBXBuildFile; fileRef = CAC2B29928CE1B94003E9573 /* DailyTableViewController.swift */; };
		CAC2B29C28CE1BAC003E9573 /* DailyTableViewCell.swift in Sources */ = {isa = PBXBuildFile; fileRef = CAC2B29B28CE1BAC003E9573 /* DailyTableViewCell.swift */; };
		CAC2B29E28CE4A20003E9573 /* MapViewController.swift in Sources */ = {isa = PBXBuildFile; fileRef = CAC2B29D28CE4A20003E9573 /* MapViewController.swift */; };
/* End PBXBuildFile section */

/* Begin PBXFileReference section */
		CA2D796728CFE6810030FFD7 /* HourlyForecastViewModel.swift */ = {isa = PBXFileReference; lastKnownFileType = sourcecode.swift; path = HourlyForecastViewModel.swift; sourceTree = "<group>"; };
		CA2D796928CFE68F0030FFD7 /* DailyForecastViewModel.swift */ = {isa = PBXFileReference; lastKnownFileType = sourcecode.swift; path = DailyForecastViewModel.swift; sourceTree = "<group>"; };
		CA2D796C28CFEB2D0030FFD7 /* WeatherViewModel.swift */ = {isa = PBXFileReference; lastKnownFileType = sourcecode.swift; path = WeatherViewModel.swift; sourceTree = "<group>"; };
		CA2D796F28D076B70030FFD7 /* MapViewModel.swift */ = {isa = PBXFileReference; lastKnownFileType = sourcecode.swift; path = MapViewModel.swift; sourceTree = "<group>"; };
		CA2D797228D076E50030FFD7 /* SearchViewModel.swift */ = {isa = PBXFileReference; lastKnownFileType = sourcecode.swift; path = SearchViewModel.swift; sourceTree = "<group>"; };
		CA87D9FA28CF524300AD9ABB /* SearchViewController.swift */ = {isa = PBXFileReference; lastKnownFileType = sourcecode.swift; path = SearchViewController.swift; sourceTree = "<group>"; };
		CAA41DC328CFD5CC009BDC8F /* WeatherViewController.swift */ = {isa = PBXFileReference; fileEncoding = 4; lastKnownFileType = sourcecode.swift; path = WeatherViewController.swift; sourceTree = "<group>"; };
		CAC2B27328CCF93E003E9573 /* NafiveTestTask.app */ = {isa = PBXFileReference; explicitFileType = wrapper.application; includeInIndex = 0; path = NafiveTestTask.app; sourceTree = BUILT_PRODUCTS_DIR; };
		CAC2B27628CCF93E003E9573 /* AppDelegate.swift */ = {isa = PBXFileReference; lastKnownFileType = sourcecode.swift; path = AppDelegate.swift; sourceTree = "<group>"; };
		CAC2B27828CCF93E003E9573 /* SceneDelegate.swift */ = {isa = PBXFileReference; lastKnownFileType = sourcecode.swift; path = SceneDelegate.swift; sourceTree = "<group>"; };
		CAC2B27D28CCF93E003E9573 /* Base */ = {isa = PBXFileReference; lastKnownFileType = file.storyboard; name = Base; path = Base.lproj/Main.storyboard; sourceTree = "<group>"; };
		CAC2B27F28CCF940003E9573 /* Assets.xcassets */ = {isa = PBXFileReference; lastKnownFileType = folder.assetcatalog; path = Assets.xcassets; sourceTree = "<group>"; };
		CAC2B28228CCF940003E9573 /* Base */ = {isa = PBXFileReference; lastKnownFileType = file.storyboard; name = Base; path = Base.lproj/LaunchScreen.storyboard; sourceTree = "<group>"; };
		CAC2B28428CCF940003E9573 /* Info.plist */ = {isa = PBXFileReference; lastKnownFileType = text.plist.xml; path = Info.plist; sourceTree = "<group>"; };
		CAC2B28B28CD04C5003E9573 /* WeatherApi.swift */ = {isa = PBXFileReference; lastKnownFileType = sourcecode.swift; path = WeatherApi.swift; sourceTree = "<group>"; };
		CAC2B28D28CD04D1003E9573 /* WeatherResponse.swift */ = {isa = PBXFileReference; lastKnownFileType = sourcecode.swift; path = WeatherResponse.swift; sourceTree = "<group>"; };
		CAC2B28F28CD04F7003E9573 /* Extensions.swift */ = {isa = PBXFileReference; lastKnownFileType = sourcecode.swift; path = Extensions.swift; sourceTree = "<group>"; };
		CAC2B29128CDE052003E9573 /* HourlyForecastCollectionViewController.swift */ = {isa = PBXFileReference; lastKnownFileType = sourcecode.swift; path = HourlyForecastCollectionViewController.swift; sourceTree = "<group>"; };
		CAC2B29328CDE169003E9573 /* WeatherForecastResponse.swift */ = {isa = PBXFileReference; lastKnownFileType = sourcecode.swift; path = WeatherForecastResponse.swift; sourceTree = "<group>"; };
		CAC2B29628CDE85F003E9573 /* HourlyCollectionViewCell.swift */ = {isa = PBXFileReference; lastKnownFileType = sourcecode.swift; path = HourlyCollectionViewCell.swift; sourceTree = "<group>"; };
		CAC2B29928CE1B94003E9573 /* DailyTableViewController.swift */ = {isa = PBXFileReference; lastKnownFileType = sourcecode.swift; path = DailyTableViewController.swift; sourceTree = "<group>"; };
		CAC2B29B28CE1BAC003E9573 /* DailyTableViewCell.swift */ = {isa = PBXFileReference; lastKnownFileType = sourcecode.swift; path = DailyTableViewCell.swift; sourceTree = "<group>"; };
		CAC2B29D28CE4A20003E9573 /* MapViewController.swift */ = {isa = PBXFileReference; lastKnownFileType = sourcecode.swift; path = MapViewController.swift; sourceTree = "<group>"; };
/* End PBXFileReference section */

/* Begin PBXFrameworksBuildPhase section */
		CAC2B27028CCF93E003E9573 /* Frameworks */ = {
			isa = PBXFrameworksBuildPhase;
			buildActionMask = 2147483647;
			files = (
			);
			runOnlyForDeploymentPostprocessing = 0;
		};
/* End PBXFrameworksBuildPhase section */

/* Begin PBXGroup section */
		CA2D796B28CFEB100030FFD7 /* Weather */ = {
			isa = PBXGroup;
			children = (
				CAA41DC328CFD5CC009BDC8F /* WeatherViewController.swift */,
				CA2D796C28CFEB2D0030FFD7 /* WeatherViewModel.swift */,
			);
			path = Weather;
			sourceTree = "<group>";
		};
		CA2D796E28D0769B0030FFD7 /* Map */ = {
			isa = PBXGroup;
			children = (
				CAC2B29D28CE4A20003E9573 /* MapViewController.swift */,
				CA2D796F28D076B70030FFD7 /* MapViewModel.swift */,
			);
			path = Map;
			sourceTree = "<group>";
		};
		CA2D797128D076C50030FFD7 /* Search */ = {
			isa = PBXGroup;
			children = (
				CA87D9FA28CF524300AD9ABB /* SearchViewController.swift */,
				CA2D797228D076E50030FFD7 /* SearchViewModel.swift */,
			);
			path = Search;
			sourceTree = "<group>";
		};
		CAC2B26A28CCF93E003E9573 = {
			isa = PBXGroup;
			children = (
				CAC2B27528CCF93E003E9573 /* NafiveTestTask */,
				CAC2B27428CCF93E003E9573 /* Products */,
			);
			sourceTree = "<group>";
		};
		CAC2B27428CCF93E003E9573 /* Products */ = {
			isa = PBXGroup;
			children = (
				CAC2B27328CCF93E003E9573 /* NafiveTestTask.app */,
			);
			name = Products;
			sourceTree = "<group>";
		};
		CAC2B27528CCF93E003E9573 /* NafiveTestTask */ = {
			isa = PBXGroup;
			children = (
				CAC2B27628CCF93E003E9573 /* AppDelegate.swift */,
				CAC2B27828CCF93E003E9573 /* SceneDelegate.swift */,
				CAC2B28A28CD0465003E9573 /* API */,
				CAC2B29528CDE816003E9573 /* HourlyForecast */,
				CAC2B29828CE1B27003E9573 /* DailyForecast */,
				CA2D796B28CFEB100030FFD7 /* Weather */,
				CA2D796E28D0769B0030FFD7 /* Map */,
				CA2D797128D076C50030FFD7 /* Search */,
				CAC2B28F28CD04F7003E9573 /* Extensions.swift */,
				CAC2B27C28CCF93E003E9573 /* Main.storyboard */,
				CAC2B28128CCF940003E9573 /* LaunchScreen.storyboard */,
				CAC2B27F28CCF940003E9573 /* Assets.xcassets */,
				CAC2B28428CCF940003E9573 /* Info.plist */,
			);
			path = NafiveTestTask;
			sourceTree = "<group>";
		};
		CAC2B28A28CD0465003E9573 /* API */ = {
			isa = PBXGroup;
			children = (
				CAC2B28B28CD04C5003E9573 /* WeatherApi.swift */,
				CAC2B28D28CD04D1003E9573 /* WeatherResponse.swift */,
				CAC2B29328CDE169003E9573 /* WeatherForecastResponse.swift */,
			);
			path = API;
			sourceTree = "<group>";
		};
		CAC2B29528CDE816003E9573 /* HourlyForecast */ = {
			isa = PBXGroup;
			children = (
				CAC2B29128CDE052003E9573 /* HourlyForecastCollectionViewController.swift */,
				CA2D796728CFE6810030FFD7 /* HourlyForecastViewModel.swift */,
				CAC2B29628CDE85F003E9573 /* HourlyCollectionViewCell.swift */,
			);
			name = HourlyForecast;
			sourceTree = "<group>";
		};
		CAC2B29828CE1B27003E9573 /* DailyForecast */ = {
			isa = PBXGroup;
			children = (
				CAC2B29928CE1B94003E9573 /* DailyTableViewController.swift */,
				CA2D796928CFE68F0030FFD7 /* DailyForecastViewModel.swift */,
				CAC2B29B28CE1BAC003E9573 /* DailyTableViewCell.swift */,
			);
			path = DailyForecast;
			sourceTree = "<group>";
		};
/* End PBXGroup section */

/* Begin PBXNativeTarget section */
		CAC2B27228CCF93E003E9573 /* NafiveTestTask */ = {
			isa = PBXNativeTarget;
			buildConfigurationList = CAC2B28728CCF940003E9573 /* Build configuration list for PBXNativeTarget "NafiveTestTask" */;
			buildPhases = (
				CAC2B26F28CCF93E003E9573 /* Sources */,
				CAC2B27028CCF93E003E9573 /* Frameworks */,
				CAC2B27128CCF93E003E9573 /* Resources */,
			);
			buildRules = (
			);
			dependencies = (
			);
			name = NafiveTestTask;
			productName = NafiveTestTask;
			productReference = CAC2B27328CCF93E003E9573 /* NafiveTestTask.app */;
			productType = "com.apple.product-type.application";
		};
/* End PBXNativeTarget section */

/* Begin PBXProject section */
		CAC2B26B28CCF93E003E9573 /* Project object */ = {
			isa = PBXProject;
			attributes = {
				BuildIndependentTargetsInParallel = 1;
				LastSwiftUpdateCheck = 1310;
				LastUpgradeCheck = 1310;
				TargetAttributes = {
					CAC2B27228CCF93E003E9573 = {
						CreatedOnToolsVersion = 13.1;
					};
				};
			};
			buildConfigurationList = CAC2B26E28CCF93E003E9573 /* Build configuration list for PBXProject "NafiveTestTask" */;
			compatibilityVersion = "Xcode 13.0";
			developmentRegion = en;
			hasScannedForEncodings = 0;
			knownRegions = (
				en,
				Base,
			);
			mainGroup = CAC2B26A28CCF93E003E9573;
			productRefGroup = CAC2B27428CCF93E003E9573 /* Products */;
			projectDirPath = "";
			projectRoot = "";
			targets = (
				CAC2B27228CCF93E003E9573 /* NafiveTestTask */,
			);
		};
/* End PBXProject section */

/* Begin PBXResourcesBuildPhase section */
		CAC2B27128CCF93E003E9573 /* Resources */ = {
			isa = PBXResourcesBuildPhase;
			buildActionMask = 2147483647;
			files = (
				CAC2B28328CCF940003E9573 /* LaunchScreen.storyboard in Resources */,
				CAC2B28028CCF940003E9573 /* Assets.xcassets in Resources */,
				CAC2B27E28CCF93E003E9573 /* Main.storyboard in Resources */,
			);
			runOnlyForDeploymentPostprocessing = 0;
		};
/* End PBXResourcesBuildPhase section */

/* Begin PBXSourcesBuildPhase section */
		CAC2B26F28CCF93E003E9573 /* Sources */ = {
			isa = PBXSourcesBuildPhase;
			buildActionMask = 2147483647;
			files = (
				CA2D796828CFE6810030FFD7 /* HourlyForecastViewModel.swift in Sources */,
				CAC2B29A28CE1B95003E9573 /* DailyTableViewController.swift in Sources */,
				CAC2B29028CD04F7003E9573 /* Extensions.swift in Sources */,
				CAC2B29728CDE85F003E9573 /* HourlyCollectionViewCell.swift in Sources */,
				CAC2B28E28CD04D1003E9573 /* WeatherResponse.swift in Sources */,
				CAC2B28C28CD04C5003E9573 /* WeatherApi.swift in Sources */,
				CA2D797328D076E50030FFD7 /* SearchViewModel.swift in Sources */,
				CAC2B27728CCF93E003E9573 /* AppDelegate.swift in Sources */,
				CAC2B29E28CE4A20003E9573 /* MapViewController.swift in Sources */,
				CA2D796A28CFE68F0030FFD7 /* DailyForecastViewModel.swift in Sources */,
				CA87D9FB28CF524300AD9ABB /* SearchViewController.swift in Sources */,
				CAA41DC428CFD5CC009BDC8F /* WeatherViewController.swift in Sources */,
				CAC2B29C28CE1BAC003E9573 /* DailyTableViewCell.swift in Sources */,
				CAC2B29228CDE052003E9573 /* HourlyForecastCollectionViewController.swift in Sources */,
				CA2D797028D076B70030FFD7 /* MapViewModel.swift in Sources */,
				CA2D796D28CFEB2D0030FFD7 /* WeatherViewModel.swift in Sources */,
				CAC2B29428CDE169003E9573 /* WeatherForecastResponse.swift in Sources */,
				CAC2B27928CCF93E003E9573 /* SceneDelegate.swift in Sources */,
			);
			runOnlyForDeploymentPostprocessing = 0;
		};
/* End PBXSourcesBuildPhase section */

/* Begin PBXVariantGroup section */
		CAC2B27C28CCF93E003E9573 /* Main.storyboard */ = {
			isa = PBXVariantGroup;
			children = (
				CAC2B27D28CCF93E003E9573 /* Base */,
			);
			name = Main.storyboard;
			sourceTree = "<group>";
		};
		CAC2B28128CCF940003E9573 /* LaunchScreen.storyboard */ = {
			isa = PBXVariantGroup;
			children = (
				CAC2B28228CCF940003E9573 /* Base */,
			);
			name = LaunchScreen.storyboard;
			sourceTree = "<group>";
		};
/* End PBXVariantGroup section */

/* Begin XCBuildConfiguration section */
		CAC2B28528CCF940003E9573 /* Debug */ = {
			isa = XCBuildConfiguration;
			buildSettings = {
				ALWAYS_SEARCH_USER_PATHS = NO;
				CLANG_ANALYZER_LOCALIZABILITY_NONLOCALIZED = YES;
				CLANG_ANALYZER_NONNULL = YES;
				CLANG_ANALYZER_NUMBER_OBJECT_CONVERSION = YES_AGGRESSIVE;
				CLANG_CXX_LANGUAGE_STANDARD = "gnu++17";
				CLANG_CXX_LIBRARY = "libc++";
				CLANG_ENABLE_MODULES = YES;
				CLANG_ENABLE_OBJC_ARC = YES;
				CLANG_ENABLE_OBJC_WEAK = YES;
				CLANG_WARN_BLOCK_CAPTURE_AUTORELEASING = YES;
				CLANG_WARN_BOOL_CONVERSION = YES;
				CLANG_WARN_COMMA = YES;
				CLANG_WARN_CONSTANT_CONVERSION = YES;
				CLANG_WARN_DEPRECATED_OBJC_IMPLEMENTATIONS = YES;
				CLANG_WARN_DIRECT_OBJC_ISA_USAGE = YES_ERROR;
				CLANG_WARN_DOCUMENTATION_COMMENTS = YES;
				CLANG_WARN_EMPTY_BODY = YES;
				CLANG_WARN_ENUM_CONVERSION = YES;
				CLANG_WARN_INFINITE_RECURSION = YES;
				CLANG_WARN_INT_CONVERSION = YES;
				CLANG_WARN_NON_LITERAL_NULL_CONVERSION = YES;
				CLANG_WARN_OBJC_IMPLICIT_RETAIN_SELF = YES;
				CLANG_WARN_OBJC_LITERAL_CONVERSION = YES;
				CLANG_WARN_OBJC_ROOT_CLASS = YES_ERROR;
				CLANG_WARN_QUOTED_INCLUDE_IN_FRAMEWORK_HEADER = YES;
				CLANG_WARN_RANGE_LOOP_ANALYSIS = YES;
				CLANG_WARN_STRICT_PROTOTYPES = YES;
				CLANG_WARN_SUSPICIOUS_MOVE = YES;
				CLANG_WARN_UNGUARDED_AVAILABILITY = YES_AGGRESSIVE;
				CLANG_WARN_UNREACHABLE_CODE = YES;
				CLANG_WARN__DUPLICATE_METHOD_MATCH = YES;
				COPY_PHASE_STRIP = NO;
				DEBUG_INFORMATION_FORMAT = dwarf;
				ENABLE_STRICT_OBJC_MSGSEND = YES;
				ENABLE_TESTABILITY = YES;
				GCC_C_LANGUAGE_STANDARD = gnu11;
				GCC_DYNAMIC_NO_PIC = NO;
				GCC_NO_COMMON_BLOCKS = YES;
				GCC_OPTIMIZATION_LEVEL = 0;
				GCC_PREPROCESSOR_DEFINITIONS = (
					"DEBUG=1",
					"$(inherited)",
				);
				GCC_WARN_64_TO_32_BIT_CONVERSION = YES;
				GCC_WARN_ABOUT_RETURN_TYPE = YES_ERROR;
				GCC_WARN_UNDECLARED_SELECTOR = YES;
				GCC_WARN_UNINITIALIZED_AUTOS = YES_AGGRESSIVE;
				GCC_WARN_UNUSED_FUNCTION = YES;
				GCC_WARN_UNUSED_VARIABLE = YES;
				IPHONEOS_DEPLOYMENT_TARGET = 15.0;
				MTL_ENABLE_DEBUG_INFO = INCLUDE_SOURCE;
				MTL_FAST_MATH = YES;
				ONLY_ACTIVE_ARCH = YES;
				SDKROOT = iphoneos;
				SWIFT_ACTIVE_COMPILATION_CONDITIONS = DEBUG;
				SWIFT_OPTIMIZATION_LEVEL = "-Onone";
			};
			name = Debug;
		};
		CAC2B28628CCF940003E9573 /* Release */ = {
			isa = XCBuildConfiguration;
			buildSettings = {
				ALWAYS_SEARCH_USER_PATHS = NO;
				CLANG_ANALYZER_LOCALIZABILITY_NONLOCALIZED = YES;
				CLANG_ANALYZER_NONNULL = YES;
				CLANG_ANALYZER_NUMBER_OBJECT_CONVERSION = YES_AGGRESSIVE;
				CLANG_CXX_LANGUAGE_STANDARD = "gnu++17";
				CLANG_CXX_LIBRARY = "libc++";
				CLANG_ENABLE_MODULES = YES;
				CLANG_ENABLE_OBJC_ARC = YES;
				CLANG_ENABLE_OBJC_WEAK = YES;
				CLANG_WARN_BLOCK_CAPTURE_AUTORELEASING = YES;
				CLANG_WARN_BOOL_CONVERSION = YES;
				CLANG_WARN_COMMA = YES;
				CLANG_WARN_CONSTANT_CONVERSION = YES;
				CLANG_WARN_DEPRECATED_OBJC_IMPLEMENTATIONS = YES;
				CLANG_WARN_DIRECT_OBJC_ISA_USAGE = YES_ERROR;
				CLANG_WARN_DOCUMENTATION_COMMENTS = YES;
				CLANG_WARN_EMPTY_BODY = YES;
				CLANG_WARN_ENUM_CONVERSION = YES;
				CLANG_WARN_INFINITE_RECURSION = YES;
				CLANG_WARN_INT_CONVERSION = YES;
				CLANG_WARN_NON_LITERAL_NULL_CONVERSION = YES;
				CLANG_WARN_OBJC_IMPLICIT_RETAIN_SELF = YES;
				CLANG_WARN_OBJC_LITERAL_CONVERSION = YES;
				CLANG_WARN_OBJC_ROOT_CLASS = YES_ERROR;
				CLANG_WARN_QUOTED_INCLUDE_IN_FRAMEWORK_HEADER = YES;
				CLANG_WARN_RANGE_LOOP_ANALYSIS = YES;
				CLANG_WARN_STRICT_PROTOTYPES = YES;
				CLANG_WARN_SUSPICIOUS_MOVE = YES;
				CLANG_WARN_UNGUARDED_AVAILABILITY = YES_AGGRESSIVE;
				CLANG_WARN_UNREACHABLE_CODE = YES;
				CLANG_WARN__DUPLICATE_METHOD_MATCH = YES;
				COPY_PHASE_STRIP = NO;
				DEBUG_INFORMATION_FORMAT = "dwarf-with-dsym";
				ENABLE_NS_ASSERTIONS = NO;
				ENABLE_STRICT_OBJC_MSGSEND = YES;
				GCC_C_LANGUAGE_STANDARD = gnu11;
				GCC_NO_COMMON_BLOCKS = YES;
				GCC_WARN_64_TO_32_BIT_CONVERSION = YES;
				GCC_WARN_ABOUT_RETURN_TYPE = YES_ERROR;
				GCC_WARN_UNDECLARED_SELECTOR = YES;
				GCC_WARN_UNINITIALIZED_AUTOS = YES_AGGRESSIVE;
				GCC_WARN_UNUSED_FUNCTION = YES;
				GCC_WARN_UNUSED_VARIABLE = YES;
				IPHONEOS_DEPLOYMENT_TARGET = 15.0;
				MTL_ENABLE_DEBUG_INFO = NO;
				MTL_FAST_MATH = YES;
				SDKROOT = iphoneos;
				SWIFT_COMPILATION_MODE = wholemodule;
				SWIFT_OPTIMIZATION_LEVEL = "-O";
				VALIDATE_PRODUCT = YES;
			};
			name = Release;
		};
		CAC2B28828CCF940003E9573 /* Debug */ = {
			isa = XCBuildConfiguration;
			buildSettings = {
				ASSETCATALOG_COMPILER_APPICON_NAME = AppIcon;
				ASSETCATALOG_COMPILER_GLOBAL_ACCENT_COLOR_NAME = AccentColor;
				CODE_SIGN_STYLE = Automatic;
				CURRENT_PROJECT_VERSION = 1;
				DEVELOPMENT_TEAM = QF5DP4K689;
				GENERATE_INFOPLIST_FILE = YES;
				INFOPLIST_FILE = NafiveTestTask/Info.plist;
				INFOPLIST_KEY_UIApplicationSupportsIndirectInputEvents = YES;
				INFOPLIST_KEY_UILaunchStoryboardName = LaunchScreen;
				INFOPLIST_KEY_UIMainStoryboardFile = Main;
				INFOPLIST_KEY_UISupportedInterfaceOrientations_iPad = "UIInterfaceOrientationPortrait UIInterfaceOrientationPortraitUpsideDown UIInterfaceOrientationLandscapeLeft UIInterfaceOrientationLandscapeRight";
				INFOPLIST_KEY_UISupportedInterfaceOrientations_iPhone = "UIInterfaceOrientationPortrait UIInterfaceOrientationLandscapeLeft UIInterfaceOrientationLandscapeRight";
				LD_RUNPATH_SEARCH_PATHS = (
					"$(inherited)",
					"@executable_path/Frameworks",
				);
				MARKETING_VERSION = 1.0;
				PRODUCT_BUNDLE_IDENTIFIER = ivannavasilkova.NafiveTestTask;
				PRODUCT_NAME = "$(TARGET_NAME)";
				SWIFT_EMIT_LOC_STRINGS = YES;
				SWIFT_VERSION = 5.0;
				TARGETED_DEVICE_FAMILY = "1,2";
			};
			name = Debug;
		};
		CAC2B28928CCF940003E9573 /* Release */ = {
			isa = XCBuildConfiguration;
			buildSettings = {
				ASSETCATALOG_COMPILER_APPICON_NAME = AppIcon;
				ASSETCATALOG_COMPILER_GLOBAL_ACCENT_COLOR_NAME = AccentColor;
				CODE_SIGN_STYLE = Automatic;
				CURRENT_PROJECT_VERSION = 1;
				DEVELOPMENT_TEAM = QF5DP4K689;
				GENERATE_INFOPLIST_FILE = YES;
				INFOPLIST_FILE = NafiveTestTask/Info.plist;
				INFOPLIST_KEY_UIApplicationSupportsIndirectInputEvents = YES;
				INFOPLIST_KEY_UILaunchStoryboardName = LaunchScreen;
				INFOPLIST_KEY_UIMainStoryboardFile = Main;
				INFOPLIST_KEY_UISupportedInterfaceOrientations_iPad = "UIInterfaceOrientationPortrait UIInterfaceOrientationPortraitUpsideDown UIInterfaceOrientationLandscapeLeft UIInterfaceOrientationLandscapeRight";
				INFOPLIST_KEY_UISupportedInterfaceOrientations_iPhone = "UIInterfaceOrientationPortrait UIInterfaceOrientationLandscapeLeft UIInterfaceOrientationLandscapeRight";
				LD_RUNPATH_SEARCH_PATHS = (
					"$(inherited)",
					"@executable_path/Frameworks",
				);
				MARKETING_VERSION = 1.0;
				PRODUCT_BUNDLE_IDENTIFIER = ivannavasilkova.NafiveTestTask;
				PRODUCT_NAME = "$(TARGET_NAME)";
				SWIFT_EMIT_LOC_STRINGS = YES;
				SWIFT_VERSION = 5.0;
				TARGETED_DEVICE_FAMILY = "1,2";
			};
			name = Release;
		};
/* End XCBuildConfiguration section */

/* Begin XCConfigurationList section */
		CAC2B26E28CCF93E003E9573 /* Build configuration list for PBXProject "NafiveTestTask" */ = {
			isa = XCConfigurationList;
			buildConfigurations = (
				CAC2B28528CCF940003E9573 /* Debug */,
				CAC2B28628CCF940003E9573 /* Release */,
			);
			defaultConfigurationIsVisible = 0;
			defaultConfigurationName = Release;
		};
		CAC2B28728CCF940003E9573 /* Build configuration list for PBXNativeTarget "NafiveTestTask" */ = {
			isa = XCConfigurationList;
			buildConfigurations = (
				CAC2B28828CCF940003E9573 /* Debug */,
				CAC2B28928CCF940003E9573 /* Release */,
			);
			defaultConfigurationIsVisible = 0;
			defaultConfigurationName = Release;
		};
/* End XCConfigurationList section */
	};
	rootObject = CAC2B26B28CCF93E003E9573 /* Project object */;
}
